
Microsoft Visual Studio Solution File, Format Version 12.00
# Visual Studio Version 17
VisualStudioVersion = 17.8.34112.27
MinimumVisualStudioVersion = 10.0.40219.1
Project("{8BC9CEB8-8B4A-11D0-8D11-00A0C91BC942}") = "cai_zi_you_xi", "cai_zi_you_xi\cai_zi_you_xi.vcxproj", "{B8CFE75C-EE21-47CE-B89C-4E8DD3982889}"
EndProject
Global
	GlobalSection(SolutionConfigurationPlatforms) = preSolution
		Debug|x64 = Debug|x64
		Debug|x86 = Debug|x86
		Release|x64 = Release|x64
		Release|x86 = Release|x86
	EndGlobalSection
	GlobalSection(ProjectConfigurationPlatforms) = postSolution
		{B8CFE75C-EE21-47CE-B89C-4E8DD3982889}.Debug|x64.ActiveCfg = Debug|x64
		{B8CFE75C-EE21-47CE-B89C-4E8DD3982889}.Debug|x64.Build.0 = Debug|x64
		{B8CFE75C-EE21-47CE-B89C-4E8DD3982889}.Debug|x86.ActiveCfg = Debug|Win32
		{B8CFE75C-EE21-47CE-B89C-4E8DD3982889}.Debug|x86.Build.0 = Debug|Win32
		{B8CFE75C-EE21-47CE-B89C-4E8DD3982889}.Release|x64.ActiveCfg = Release|x64
		{B8CFE75C-EE21-47CE-B89C-4E8DD3982889}.Release|x64.Build.0 = Release|x64
		{B8CFE75C-EE21-47CE-B89C-4E8DD3982889}.Release|x86.ActiveCfg = Release|Win32
		{B8CFE75C-EE21-47CE-B89C-4E8DD3982889}.Release|x86.Build.0 = Release|Win32
	EndGlobalSection
	GlobalSection(SolutionProperties) = preSolution
		HideSolutionNode = FALSE
	EndGlobalSection
	GlobalSection(ExtensibilityGlobals) = postSolution
		SolutionGuid = {785C7F08-6B75-4292-BC5D-528B90BB5907}
	EndGlobalSection
EndGlobal
